{
  "lockfileVersion": 1,
  "configVersion": 1,
  "workspaces": {
    "": {
      "name": "fundermaps-worker",
      "dependencies": {
        "@aws-sdk/client-s3": "^3.1060.0",
        "postgres": "^3.4.9",
        "zod": "^4.4.3",
      },
      "devDependencies": {
        "@types/bun": "^1.3.14",
      },
      "peerDependencies": {
        "typescript": "^6.0.2",
      },
    },
  },
  "packages": {
    "@aws-crypto/crc32": ["@aws-crypto/crc32@5.2.0", "", { "dependencies": { "@aws-crypto/util": "^5.2.0", "@aws-sdk/types": "^3.222.0", "tslib": "^2.6.2" } }, "sha512-nLbCWqQNgUiwwtFsen1AdzAtvuLRsQS8rYgMuxCrdKf9kOssamGLuPwyTY9wyYblNr9+1XM8v6zoDTPPSIeANg=="],

    "@aws-crypto/crc32c": ["@aws-crypto/crc32c@5.2.0", "", { "dependencies": { "@aws-crypto/util": "^5.2.0", "@aws-sdk/types": "^3.222.0", "tslib": "^2.6.2" } }, "sha512-+iWb8qaHLYKrNvGRbiYRHSdKRWhto5XlZUEBwDjYNf+ly5SVYG6zEoYIdxvf5R3zyeP16w4PLBn3rH1xc74Rag=="],

    "@aws-crypto/sha1-browser": ["@aws-crypto/sha1-browser@5.2.0", "", { "dependencies": { "@aws-crypto/supports-web-crypto": "^5.2.0", "@aws-crypto/util": "^5.2.0", "@aws-sdk/types": "^3.222.0", "@aws-sdk/util-locate-window": "^3.0.0", "@smithy/util-utf8": "^2.0.0", "tslib": "^2.6.2" } }, "sha512-OH6lveCFfcDjX4dbAvCFSYUjJZjDr/3XJ3xHtjn3Oj5b9RjojQo8npoLeA/bNwkOkrSQ0wgrHzXk4tDRxGKJeg=="],

    "@aws-crypto/sha256-browser": ["@aws-crypto/sha256-browser@5.2.0", "", { "dependencies": { "@aws-crypto/sha256-js": "^5.2.0", "@aws-crypto/supports-web-crypto": "^5.2.0", "@aws-crypto/util": "^5.2.0", "@aws-sdk/types": "^3.222.0", "@aws-sdk/util-locate-window": "^3.0.0", "@smithy/util-utf8": "^2.0.0", "tslib": "^2.6.2" } }, "sha512-AXfN/lGotSQwu6HNcEsIASo7kWXZ5HYWvfOmSNKDsEqC4OashTp8alTmaz+F7TC2L083SFv5RdB+qU3Vs1kZqw=="],

    "@aws-crypto/sha256-js": ["@aws-crypto/sha256-js@5.2.0", "", { "dependencies": { "@aws-crypto/util": "^5.2.0", "@aws-sdk/types": "^3.222.0", "tslib": "^2.6.2" } }, "sha512-FFQQyu7edu4ufvIZ+OadFpHHOt+eSTBaYaki44c+akjg7qZg9oOQeLlk77F6tSYqjDAFClrHJk9tMf0HdVyOvA=="],

    "@aws-crypto/supports-web-crypto": ["@aws-crypto/supports-web-crypto@5.2.0", "", { "dependencies": { "tslib": "^2.6.2" } }, "sha512-iAvUotm021kM33eCdNfwIN//F77/IADDSs58i+MDaOqFrVjZo9bAal0NK7HurRuWLLpF1iLX7gbWrjHjeo+YFg=="],

    "@aws-crypto/util": ["@aws-crypto/util@5.2.0", "", { "dependencies": { "@aws-sdk/types": "^3.222.0", "@smithy/util-utf8": "^2.0.0", "tslib": "^2.6.2" } }, "sha512-4RkU9EsI6ZpBve5fseQlGNUWKMa1RLPQ1dnjnQoe07ldfIzcsGb5hC5W0Dm7u423KWzawlrpbjXBrXCEv9zazQ=="],

    "@aws-sdk/client-s3": ["@aws-sdk/client-s3@3.1060.0", "", { "dependencies": { "@aws-crypto/sha1-browser": "5.2.0", "@aws-crypto/sha256-browser": "5.2.0", "@aws-crypto/sha256-js": "5.2.0", "@aws-sdk/core": "^3.974.17", "@aws-sdk/credential-provider-node": "^3.972.50", "@aws-sdk/middleware-bucket-endpoint": "^3.972.19", "@aws-sdk/middleware-expect-continue": "^3.972.15", "@aws-sdk/middleware-flexible-checksums": "^3.974.25", "@aws-sdk/middleware-location-constraint": "^3.972.12", "@aws-sdk/middleware-sdk-s3": "^3.972.46", "@aws-sdk/middleware-ssec": "^3.972.12", "@aws-sdk/signature-v4-multi-region": "^3.996.31", "@aws-sdk/types": "^3.973.10", "@smithy/core": "^3.24.6", "@smithy/fetch-http-handler": "^5.4.6", "@smithy/node-http-handler": "^4.7.6", "@smithy/types": "^4.14.3", "tslib": "^2.6.2" } }, "sha512-lYdSUOE965Cz/kb3YVDMKz7C4icH0yJxkwB5M0KKAu1nGWT3L78Ty5g2wP3AhZEKH5VzNhPUo8AEcspWOfAGCw=="],

    "@aws-sdk/core": ["@aws-sdk/core@3.974.17", "", { "dependencies": { "@aws-sdk/types": "^3.973.10", "@aws-sdk/xml-builder": "^3.972.27", "@aws/lambda-invoke-store": "^0.2.2", "@smithy/core": "^3.24.6", "@smithy/signature-v4": "^5.4.6", "@smithy/types": "^4.14.3", "bowser": "^2.11.0", "tslib": "^2.6.2" } }, "sha512-r8o4h2K7j6P9ngno+8ei0aK0U/4JwDb7A2fMMxGVoSqDN8AFlIzSDeZHME9LcVLR2codyhtr1WAAg+/nmkeeMA=="],

    "@aws-sdk/crc64-nvme": ["@aws-sdk/crc64-nvme@3.972.10", "", { "dependencies": { "@smithy/types": "^4.14.3", "tslib": "^2.6.2" } }, "sha512-QsyJJlx+bSgApcd6kkloZ+nHg2nWJTwUA39/KiDcNRYjz9UOReQcNJRlJBImK+eF9EWl2LG5SW7LaVFuYUE8HQ=="],

    "@aws-sdk/credential-provider-env": ["@aws-sdk/credential-provider-env@3.972.43", "", { "dependencies": { "@aws-sdk/core": "^3.974.17", "@aws-sdk/types": "^3.973.10", "@smithy/core": "^3.24.6", "@smithy/types": "^4.14.3", "tslib": "^2.6.2" } }, "sha512-g0XVQKzaA/4cq1vz1IvCQwYM+1Pkv01J9yHDpCTXekVuGZRDEz0wqBQ1AuYTq7FM6uik4uBGH8Tb5d9YvgeA7g=="],

    "@aws-sdk/credential-provider-http": ["@aws-sdk/credential-provider-http@3.972.45", "", { "dependencies": { "@aws-sdk/core": "^3.974.17", "@aws-sdk/types": "^3.973.10", "@smithy/core": "^3.24.6", "@smithy/fetch-http-handler": "^5.4.6", "@smithy/node-http-handler": "^4.7.6", "@smithy/types": "^4.14.3", "tslib": "^2.6.2" } }, "sha512-w9PuOoKCt6+xoESvY+zlV0u3PKQ0mVL259PcsVR6a3S/uYJJHnIi4r1NxdJHEcNldUVRIciltWnFMGBR4YEm3g=="],

    "@aws-sdk/credential-provider-ini": ["@aws-sdk/credential-provider-ini@3.972.48", "", { "dependencies": { "@aws-sdk/core": "^3.974.17", "@aws-sdk/credential-provider-env": "^3.972.43", "@aws-sdk/credential-provider-http": "^3.972.45", "@aws-sdk/credential-provider-login": "^3.972.47", "@aws-sdk/credential-provider-process": "^3.972.43", "@aws-sdk/credential-provider-sso": "^3.972.47", "@aws-sdk/credential-provider-web-identity": "^3.972.47", "@aws-sdk/nested-clients": "^3.997.15", "@aws-sdk/types": "^3.973.10", "@smithy/core": "^3.24.6", "@smithy/credential-provider-imds": "^4.3.7", "@smithy/types": "^4.14.3", "tslib": "^2.6.2" } }, "sha512-+6BQ6Lrnc+EyAGElLRW6j+Sa+RirPHnIJsobvYO6nnyK+oGKmz1ne/ieclbLWyjyDKEU3/JVJWcWY3VLFPvGtQ=="],

    "@aws-sdk/credential-provider-login": ["@aws-sdk/credential-provider-login@3.972.47", "", { "dependencies": { "@aws-sdk/core": "^3.974.17", "@aws-sdk/nested-clients": "^3.997.15", "@aws-sdk/types": "^3.973.10", "@smithy/core": "^3.24.6", "@smithy/types": "^4.14.3", "tslib": "^2.6.2" } }, "sha512-Iy2ebWVgrZBH05464uJiQYu6HSSiROnwVZptthEFXx2gWjo1ORCxEAFZB5Cr2MdfrSnZ+0QUPkZ1ZpCqpkUrLQ=="],

    "@aws-sdk/credential-provider-node": ["@aws-sdk/credential-provider-node@3.972.50", "", { "dependencies": { "@aws-sdk/credential-provider-env": "^3.972.43", "@aws-sdk/credential-provider-http": "^3.972.45", "@aws-sdk/credential-provider-ini": "^3.972.48", "@aws-sdk/credential-provider-process": "^3.972.43", "@aws-sdk/credential-provider-sso": "^3.972.47", "@aws-sdk/credential-provider-web-identity": "^3.972.47", "@aws-sdk/types": "^3.973.10", "@smithy/core": "^3.24.6", "@smithy/credential-provider-imds": "^4.3.7", "@smithy/types": "^4.14.3", "tslib": "^2.6.2" } }, "sha512-b05Aelq5cqAvCCDQjCYacl0XmR8QhBNSqLbsdISkQmlQBa5oPS66zYPteWcSp5LswbpoIe552EUGjluKiadBig=="],

    "@aws-sdk/credential-provider-process": ["@aws-sdk/credential-provider-process@3.972.43", "", { "dependencies": { "@aws-sdk/core": "^3.974.17", "@aws-sdk/types": "^3.973.10", "@smithy/core": "^3.24.6", "@smithy/types": "^4.14.3", "tslib": "^2.6.2" } }, "sha512-GPokLNyvTfCmuaHk+v3GKVs4ZT3cMu5kgS2a+NPkOMt96cq6fSIK0g+mZHpGS6Cd4QGrPKesANEaLUKgOskTzg=="],

    "@aws-sdk/credential-provider-sso": ["@aws-sdk/credential-provider-sso@3.972.47", "", { "dependencies": { "@aws-sdk/core": "^3.974.17", "@aws-sdk/nested-clients": "^3.997.15", "@aws-sdk/token-providers": "3.1060.0", "@aws-sdk/types": "^3.973.10", "@smithy/core": "^3.24.6", "@smithy/types": "^4.14.3", "tslib": "^2.6.2" } }, "sha512-0AzvLrzlvJs0DzbeWGvNj+bX3Uzd7VNS6vDqCOdZzBlCGKGd78uxctJSW9iK/Rt/nxiJqpTvrYQlVJ4guVM2Dw=="],

    "@aws-sdk/credential-provider-web-identity": ["@aws-sdk/credential-provider-web-identity@3.972.47", "", { "dependencies": { "@aws-sdk/core": "^3.974.17", "@aws-sdk/nested-clients": "^3.997.15", "@aws-sdk/types": "^3.973.10", "@smithy/core": "^3.24.6", "@smithy/types": "^4.14.3", "tslib": "^2.6.2" } }, "sha512-eksfbUErOejUAGWBAcNqaP7IX21oUOEo73d9R56k9Ua4d57qS90NEYkWJsuSGzTXMFulCu17qXJI/qGmM7hvoA=="],

    "@aws-sdk/middleware-bucket-endpoint": ["@aws-sdk/middleware-bucket-endpoint@3.972.19", "", { "dependencies": { "@aws-sdk/core": "^3.974.17", "@aws-sdk/types": "^3.973.10", "@smithy/core": "^3.24.6", "@smithy/types": "^4.14.3", "tslib": "^2.6.2" } }, "sha512-BkjsoevWdtXyfmItfvNW693XO/T2ooXAz3wx3fX1Y7YUHJB+Pvj7XM6Mu9n6lCQ32tF88NzguCOlL8G7e62SOA=="],

    "@aws-sdk/middleware-expect-continue": ["@aws-sdk/middleware-expect-continue@3.972.15", "", { "dependencies": { "@aws-sdk/types": "^3.973.10", "@smithy/core": "^3.24.6", "@smithy/types": "^4.14.3", "tslib": "^2.6.2" } }, "sha512-GFxHAXAO2iV4EIYZ97NcIiJiMATEjCm9sWS0VaRvHgxE9EDsL2tF0J08si74IT/YqFsdOgF/GWtoI2LkgbGj/Q=="],

    "@aws-sdk/middleware-flexible-checksums": ["@aws-sdk/middleware-flexible-checksums@3.974.25", "", { "dependencies": { "@aws-crypto/crc32": "5.2.0", "@aws-crypto/crc32c": "5.2.0", "@aws-crypto/util": "5.2.0", "@aws-sdk/core": "^3.974.17", "@aws-sdk/crc64-nvme": "^3.972.10", "@aws-sdk/types": "^3.973.10", "@smithy/core": "^3.24.6", "@smithy/types": "^4.14.3", "tslib": "^2.6.2" } }, "sha512-u4EmdygVkPTO0UjNcXqqXR5eG5WWzU2bGan1ZsujTqgC1PLDtgXqqK8LbySJ7i1gefAggHfUztZ5B67NLhmKJQ=="],

    "@aws-sdk/middleware-location-constraint": ["@aws-sdk/middleware-location-constraint@3.972.12", "", { "dependencies": { "@aws-sdk/types": "^3.973.10", "@smithy/types": "^4.14.3", "tslib": "^2.6.2" } }, "sha512-9fXwH5lPa4M9lD6KhKOWZX2sXefuJX0PR/vxZ2u/ZYVrgr/tEUiFTdEBJ88y3/psuocWQ5IZmf5+T1hsa1qDUA=="],

    "@aws-sdk/middleware-sdk-s3": ["@aws-sdk/middleware-sdk-s3@3.972.46", "", { "dependencies": { "@aws-sdk/core": "^3.974.17", "@aws-sdk/signature-v4-multi-region": "^3.996.31", "@aws-sdk/types": "^3.973.10", "@smithy/core": "^3.24.6", "@smithy/types": "^4.14.3", "tslib": "^2.6.2" } }, "sha512-ziGg3WIaAyRb8SO5fdoHBg+u6ikOhDN8QOagRKvZtDkfxFizHdDufCSoQkaOfvlpIxXRvTlFUaHpylMih4/KCw=="],

    "@aws-sdk/middleware-ssec": ["@aws-sdk/middleware-ssec@3.972.12", "", { "dependencies": { "@aws-sdk/types": "^3.973.10", "@smithy/types": "^4.14.3", "tslib": "^2.6.2" } }, "sha512-WiuUb6fqkMAAM3b1+2M2B74Zobh4JUsoS0s2gE792IRJCYaGp2BJzMK9rhfniNijxg1PhVppUeufpiEdDLNy+w=="],

    "@aws-sdk/nested-clients": ["@aws-sdk/nested-clients@3.997.15", "", { "dependencies": { "@aws-crypto/sha256-browser": "5.2.0", "@aws-crypto/sha256-js": "5.2.0", "@aws-sdk/core": "^3.974.17", "@aws-sdk/signature-v4-multi-region": "^3.996.31", "@aws-sdk/types": "^3.973.10", "@smithy/core": "^3.24.6", "@smithy/fetch-http-handler": "^5.4.6", "@smithy/node-http-handler": "^4.7.6", "@smithy/types": "^4.14.3", "tslib": "^2.6.2" } }, "sha512-Fpri1/PXKMKveORZ7E00VLTlWS5DkfZkW70PUE+bOnpWpAeHAQLoiDHhkzN3kNWbbSsGg64+IZYiq/EZgME3Mg=="],

    "@aws-sdk/signature-v4-multi-region": ["@aws-sdk/signature-v4-multi-region@3.996.31", "", { "dependencies": { "@aws-sdk/types": "^3.973.10", "@smithy/signature-v4": "^5.4.6", "@smithy/types": "^4.14.3", "tslib": "^2.6.2" } }, "sha512-Kn2up9SlG1KC6wRtwf0d7waTGF6rvp9DxYqB54x6UCKdQ6kyaXCqHL4WGb5vUJga5kS8FxnjhY0LqM28aMvnNQ=="],

    "@aws-sdk/token-providers": ["@aws-sdk/token-providers@3.1060.0", "", { "dependencies": { "@aws-sdk/core": "^3.974.17", "@aws-sdk/nested-clients": "^3.997.15", "@aws-sdk/types": "^3.973.10", "@smithy/core": "^3.24.6", "@smithy/types": "^4.14.3", "tslib": "^2.6.2" } }, "sha512-6NZaMKkFhpaNiwLpHi1sZaYjidL/lCJE6ME6NxwA8gv9vQna+Kr0j4OFwVoz6tANRWM3WbGz6jiPsGX/Vkjwow=="],

    "@aws-sdk/types": ["@aws-sdk/types@3.973.10", "", { "dependencies": { "@smithy/types": "^4.14.3", "tslib": "^2.6.2" } }, "sha512-992QrTO7G9qCvKD0fx1rMlqcL14plUcRAbwmqqYVsuF3GrqcvlAL9qxR+baMafarEZ+l7DUQ5lCMmt5mbMhF7g=="],

    "@aws-sdk/util-locate-window": ["@aws-sdk/util-locate-window@3.965.5", "", { "dependencies": { "tslib": "^2.6.2" } }, "sha512-WhlJNNINQB+9qtLtZJcpQdgZw3SCDCpXdUJP7cToGwHbCWCnRckGlc6Bx/OhWwIYFNAn+FIydY8SZ0QmVu3xTQ=="],

    "@aws-sdk/xml-builder": ["@aws-sdk/xml-builder@3.972.27", "", { "dependencies": { "@smithy/types": "^4.14.3", "fast-xml-parser": "5.7.3", "tslib": "^2.6.2" } }, "sha512-hpsCXCOI436kxWpjtRuIHVvuPP81MOw8f18jzfZeg+UOiiOvlqWcmWChzEhJEu16cOC6+ku4ncBN+7rdt+DZ9g=="],

    "@aws/lambda-invoke-store": ["@aws/lambda-invoke-store@0.2.3", "", {}, "sha512-oLvsaPMTBejkkmHhjf09xTgk71mOqyr/409NKhRIL08If7AhVfUsJhVsx386uJaqNd42v9kWamQ9lFbkoC2dYw=="],

    "@nodable/entities": ["@nodable/entities@2.1.0", "", {}, "sha512-nyT7T3nbMyBI/lvr6L5TyWbFJAI9FTgVRakNoBqCD+PmID8DzFrrNdLLtHMwMszOtqZa8PAOV24ZqDnQrhQINA=="],

    "@smithy/core": ["@smithy/core@3.24.6", "", { "dependencies": { "@aws-crypto/crc32": "5.2.0", "@smithy/types": "^4.14.3", "tslib": "^2.6.2" } }, "sha512-wBXDRup6UU97VKyaiRo8AssnfStPtG0oAAfpq/bC0a1YYau8pM86YB4kM6ccoVi1mS8l/UHbn9oDM+7uozr/ug=="],

    "@smithy/credential-provider-imds": ["@smithy/credential-provider-imds@4.3.7", "", { "dependencies": { "@smithy/core": "^3.24.6", "@smithy/types": "^4.14.3", "tslib": "^2.6.2" } }, "sha512-xj8gq/bjFABAh6qWPSDCYcY3kzQIm4b561C+YnHH4zGq8rOgzQ3Shk+JGlpUxSd41UGiO6FkLdUCtNX1FAeHgg=="],

    "@smithy/fetch-http-handler": ["@smithy/fetch-http-handler@5.4.6", "", { "dependencies": { "@smithy/core": "^3.24.6", "@smithy/types": "^4.14.3", "tslib": "^2.6.2" } }, "sha512-FEwEYJ1jlBKdhe9TPzfghEi1bP55ZeEImlDkEa62bBBYzUcnB6RUCyuiS2mqKt6ZVjUbBgcNhzfIctH+Hevx9g=="],

    "@smithy/is-array-buffer": ["@smithy/is-array-buffer@2.2.0", "", { "dependencies": { "tslib": "^2.6.2" } }, "sha512-GGP3O9QFD24uGeAXYUjwSTXARoqpZykHadOmA8G5vfJPK0/DC67qa//0qvqrJzL1xc8WQWX7/yc7fwudjPHPhA=="],

    "@smithy/node-http-handler": ["@smithy/node-http-handler@4.7.6", "", { "dependencies": { "@smithy/core": "^3.24.6", "@smithy/types": "^4.14.3", "tslib": "^2.6.2" } }, "sha512-3fya8i7GrJilQouk4cZJKdy5k8MWQBpjfXrRNaXDedH8r779tr0jcxyH3+yoTmsluc2+vF4S343yFbnvu8ExDQ=="],

    "@smithy/signature-v4": ["@smithy/signature-v4@5.4.6", "", { "dependencies": { "@smithy/core": "^3.24.6", "@smithy/types": "^4.14.3", "tslib": "^2.6.2" } }, "sha512-Ojg4B6oIDlIr1R86xCDJt1zJWnYa0VINmqdjfe9qxWjdRivHalZ3iSlQgVqYbW0MdpFOC5XfHEWsnbmdnpIILQ=="],

    "@smithy/types": ["@smithy/types@4.14.3", "", { "dependencies": { "tslib": "^2.6.2" } }, "sha512-YupL0ZWmFtJexUN2cHzkvvF/b9pKrtAIfT1o7/oY/Ppu8IYeZ+lDPM5vZdQJaSeA132dJCqojjGC9NhXeF71VQ=="],

    "@smithy/util-buffer-from": ["@smithy/util-buffer-from@2.2.0", "", { "dependencies": { "@smithy/is-array-buffer": "^2.2.0", "tslib": "^2.6.2" } }, "sha512-IJdWBbTcMQ6DA0gdNhh/BwrLkDR+ADW5Kr1aZmd4k3DIF6ezMV4R2NIAmT08wQJ3yUK82thHWmC/TnK/wpMMIA=="],

    "@smithy/util-utf8": ["@smithy/util-utf8@2.3.0", "", { "dependencies": { "@smithy/util-buffer-from": "^2.2.0", "tslib": "^2.6.2" } }, "sha512-R8Rdn8Hy72KKcebgLiv8jQcQkXoLMOGGv5uI1/k0l+snqkOzQ1R0ChUBCxWMlBsFMekWjq0wRudIweFs7sKT5A=="],

    "@types/bun": ["@types/bun@1.3.14", "", { "dependencies": { "bun-types": "1.3.14" } }, "sha512-h1hFqFVcvAvD9j9K7ZW7vd82aSA+rTdznZa+5bwvCwqSB1jmmfLcbIWhOLx1/+boy/xmjgCs/OMUL8hRJSmnPw=="],

    "@types/node": ["@types/node@25.3.5", "", { "dependencies": { "undici-types": "~7.18.0" } }, "sha512-oX8xrhvpiyRCQkG1MFchB09f+cXftgIXb3a7UUa4Y3wpmZPw5tyZGTLWhlESOLq1Rq6oDlc8npVU2/9xiCuXMA=="],

    "bowser": ["bowser@2.14.1", "", {}, "sha512-tzPjzCxygAKWFOJP011oxFHs57HzIhOEracIgAePE4pqB3LikALKnSzUyU4MGs9/iCEUuHlAJTjTc5M+u7YEGg=="],

    "bun-types": ["bun-types@1.3.14", "", { "dependencies": { "@types/node": "*" } }, "sha512-4N0ig0fEomHt5R0KCFWjovxow98rIoRwKolrYdCcknNwMekCXRnWEUvgu5soYV8QXtVsrUD8B95MBOZGPvr6KQ=="],

    "fast-xml-builder": ["fast-xml-builder@1.2.0", "", { "dependencies": { "path-expression-matcher": "^1.5.0", "xml-naming": "^0.1.0" } }, "sha512-00aAWieqff+ZJhsXA4g1g7M8k+7AYoMUUHF+/zFb5U6Uv/P0Vl4QZo84/IcufzYalLuEj9928bXN9PbbFzMF0Q=="],

    "fast-xml-parser": ["fast-xml-parser@5.7.3", "", { "dependencies": { "@nodable/entities": "^2.1.0", "fast-xml-builder": "^1.1.7", "path-expression-matcher": "^1.5.0", "strnum": "^2.2.3" }, "bin": { "fxparser": "src/cli/cli.js" } }, "sha512-C0AaNuC+mscy6vrAQKAc/rMq+zAPHodfHGZu4sGVehvAQt/JLG1O5zEcYcXSY5zSqr4YVgxsB+pHXTq0i7eDlg=="],

    "path-expression-matcher": ["path-expression-matcher@1.5.0", "", {}, "sha512-cbrerZV+6rvdQrrD+iGMcZFEiiSrbv9Tfdkvnusy6y0x0GKBXREFg/Y65GhIfm0tnLntThhzCnfKwp1WRjeCyQ=="],

    "postgres": ["postgres@3.4.9", "", {}, "sha512-GD3qdB0x1z9xgFI6cdRD6xu2Sp2WCOEoe3mtnyB5Ee0XrrL5Pe+e4CCnJrRMnL1zYtRDZmQQVbvOttLnKDLnaw=="],

    "strnum": ["strnum@2.3.0", "", {}, "sha512-ums3KNd42PGyx5xaoVTO1mjU1bH3NpY4vsrVlnv9PNGqQj8wd7rJ6nEypLrJ7z5vxK5RP0yMLo6J/Gsm62DI5Q=="],

    "tslib": ["tslib@2.8.1", "", {}, "sha512-oJFu94HQb+KVduSUQL7wnpmqnfmLsOA/nAh6b6EH0wCEoK0/mPeXU6c3wKDV83MkOuHPRHtSXKKU99IBazS/2w=="],

    "typescript": ["typescript@6.0.2", "", { "bin": { "tsc": "bin/tsc", "tsserver": "bin/tsserver" } }, "sha512-bGdAIrZ0wiGDo5l8c++HWtbaNCWTS4UTv7RaTH/ThVIgjkveJt83m74bBHMJkuCbslY8ixgLBVZJIOiQlQTjfQ=="],

    "undici-types": ["undici-types@7.18.2", "", {}, "sha512-AsuCzffGHJybSaRrmr5eHr81mwJU3kjw6M+uprWvCXiNeN9SOGwQ3Jn8jb8m3Z6izVgknn1R0FTCEAP2QrLY/w=="],

    "xml-naming": ["xml-naming@0.1.0", "", {}, "sha512-k8KO9hrMyNk6tUWqUfkTEZbezRRpONVOzUTnc97VnCvyj6Tf9lyUR9EDAIeiVLv56jsMcoXEwjW8Kv5yPY52lw=="],

    "zod": ["zod@4.4.3", "", {}, "sha512-ytENFjIJFl2UwYglde2jchW2Hwm4GJFLDiSXWdTrJQBIN9Fcyp7n4DhxJEiWNAJMV1/BqWfW/kkg71UDcHJyTQ=="],

    "@aws-crypto/crc32/@aws-sdk/types": ["@aws-sdk/types@3.973.5", "", { "dependencies": { "@smithy/types": "^4.13.0", "tslib": "^2.6.2" } }, "sha512-hl7BGwDCWsjH8NkZfx+HgS7H2LyM2lTMAI7ba9c8O0KqdBLTdNJivsHpqjg9rNlAlPyREb6DeDRXUl0s8uFdmQ=="],

    "@aws-crypto/crc32c/@aws-sdk/types": ["@aws-sdk/types@3.973.5", "", { "dependencies": { "@smithy/types": "^4.13.0", "tslib": "^2.6.2" } }, "sha512-hl7BGwDCWsjH8NkZfx+HgS7H2LyM2lTMAI7ba9c8O0KqdBLTdNJivsHpqjg9rNlAlPyREb6DeDRXUl0s8uFdmQ=="],

    "@aws-crypto/sha1-browser/@aws-sdk/types": ["@aws-sdk/types@3.973.5", "", { "dependencies": { "@smithy/types": "^4.13.0", "tslib": "^2.6.2" } }, "sha512-hl7BGwDCWsjH8NkZfx+HgS7H2LyM2lTMAI7ba9c8O0KqdBLTdNJivsHpqjg9rNlAlPyREb6DeDRXUl0s8uFdmQ=="],

    "@aws-crypto/sha256-browser/@aws-sdk/types": ["@aws-sdk/types@3.973.5", "", { "dependencies": { "@smithy/types": "^4.13.0", "tslib": "^2.6.2" } }, "sha512-hl7BGwDCWsjH8NkZfx+HgS7H2LyM2lTMAI7ba9c8O0KqdBLTdNJivsHpqjg9rNlAlPyREb6DeDRXUl0s8uFdmQ=="],

    "@aws-crypto/sha256-js/@aws-sdk/types": ["@aws-sdk/types@3.973.5", "", { "dependencies": { "@smithy/types": "^4.13.0", "tslib": "^2.6.2" } }, "sha512-hl7BGwDCWsjH8NkZfx+HgS7H2LyM2lTMAI7ba9c8O0KqdBLTdNJivsHpqjg9rNlAlPyREb6DeDRXUl0s8uFdmQ=="],

    "@aws-crypto/util/@aws-sdk/types": ["@aws-sdk/types@3.973.5", "", { "dependencies": { "@smithy/types": "^4.13.0", "tslib": "^2.6.2" } }, "sha512-hl7BGwDCWsjH8NkZfx+HgS7H2LyM2lTMAI7ba9c8O0KqdBLTdNJivsHpqjg9rNlAlPyREb6DeDRXUl0s8uFdmQ=="],

    "@aws-crypto/crc32/@aws-sdk/types/@smithy/types": ["@smithy/types@4.13.0", "", { "dependencies": { "tslib": "^2.6.2" } }, "sha512-COuLsZILbbQsdrwKQpkkpyep7lCsByxwj7m0Mg5v66/ZTyenlfBc40/QFQ5chO0YN/PNEH1Bi3fGtfXPnYNeDw=="],

    "@aws-crypto/crc32c/@aws-sdk/types/@smithy/types": ["@smithy/types@4.13.0", "", { "dependencies": { "tslib": "^2.6.2" } }, "sha512-COuLsZILbbQsdrwKQpkkpyep7lCsByxwj7m0Mg5v66/ZTyenlfBc40/QFQ5chO0YN/PNEH1Bi3fGtfXPnYNeDw=="],

    "@aws-crypto/sha1-browser/@aws-sdk/types/@smithy/types": ["@smithy/types@4.13.0", "", { "dependencies": { "tslib": "^2.6.2" } }, "sha512-COuLsZILbbQsdrwKQpkkpyep7lCsByxwj7m0Mg5v66/ZTyenlfBc40/QFQ5chO0YN/PNEH1Bi3fGtfXPnYNeDw=="],

    "@aws-crypto/sha256-browser/@aws-sdk/types/@smithy/types": ["@smithy/types@4.13.0", "", { "dependencies": { "tslib": "^2.6.2" } }, "sha512-COuLsZILbbQsdrwKQpkkpyep7lCsByxwj7m0Mg5v66/ZTyenlfBc40/QFQ5chO0YN/PNEH1Bi3fGtfXPnYNeDw=="],

    "@aws-crypto/sha256-js/@aws-sdk/types/@smithy/types": ["@smithy/types@4.13.0", "", { "dependencies": { "tslib": "^2.6.2" } }, "sha512-COuLsZILbbQsdrwKQpkkpyep7lCsByxwj7m0Mg5v66/ZTyenlfBc40/QFQ5chO0YN/PNEH1Bi3fGtfXPnYNeDw=="],

    "@aws-crypto/util/@aws-sdk/types/@smithy/types": ["@smithy/types@4.13.0", "", { "dependencies": { "tslib": "^2.6.2" } }, "sha512-COuLsZILbbQsdrwKQpkkpyep7lCsByxwj7m0Mg5v66/ZTyenlfBc40/QFQ5chO0YN/PNEH1Bi3fGtfXPnYNeDw=="],
  }
}
