version: v2
locks:
  f/fundermaps/archive_mapset_monthly: d0013cd9cc4288d32d157b4398e6e6eab881c6cc5ac4dc0655ce0094d124d0bb
  f/fundermaps/data/model_drift_check.flow+__flow_hash: 44136fa355b3678a1146ad16f7e8649e94fb4fc21fe77e8310c060f61caaff8a
  f/fundermaps/data/refresh_building_cluster_tiles: 12ddbf28c6914ff2756ec0716ec1e9478061500519d6b1e5c4c3f0e054fd54cc
  f/fundermaps/data/refresh_building_sample: da0c4aff2b8c3102bb29d83cc0ef2065eee174219e470da4dba3e381a4074141
  f/fundermaps/data/refresh_building_tiles: 27708fdf0458a133386d1698d47f8158ac3dd90f6fe76f18980cd1d76dd3223c
  f/fundermaps/data/refresh_cluster_sample: 08efa42bcbe03e052d573313c1007d5a220ac33fe6a0719ad46e60d8b357f668
  f/fundermaps/data/refresh_data_model.flow+__flow_hash: 44136fa355b3678a1146ad16f7e8649e94fb4fc21fe77e8310c060f61caaff8a
  f/fundermaps/data/refresh_layer_tiles: b9c2337034d2a86b528eb6208c311e7b912f420adce3b536d50b623bd9fad17f
  f/fundermaps/data/refresh_risk_model: a363ec396e9a9a2c4322b4ab40cd4745ecd376c4a25f728a0e22dc359ebfabbb
  f/fundermaps/data/refresh_statistics_product_buildings_restored: 694a30d2f85ea0c0861c999234b34967328b1a1575116e3c93346d8bb1ab57c2
  f/fundermaps/data/refresh_statistics_product_construction_years: d2f0d4ed47fefcf100ebdc4592a0d8b4cf759425afaba553a89b7e409b299e62
  f/fundermaps/data/refresh_statistics_product_data_collected: d5526c229a88a2458fe90008a798afeb65b9f0c5ae702e57911b9dc540344b69
  f/fundermaps/data/refresh_statistics_product_foundation_risk: c198caf786c44e88c040dacea0ef514754c6a2d0968aad9b02f1d97b9b4d93ed
  f/fundermaps/data/refresh_statistics_product_foundation_type: 9d61ee3f490e28a60a4c6f6e07d595d07921dad07d878d48e3fb152bc5822334
  f/fundermaps/data/refresh_statistics_product_incident_municipality: f3e2d5552649adba03957889c0971f2fa5c258ee24248b01a74c0aa1cd5f0e30
  f/fundermaps/data/refresh_statistics_product_incidents: b34e174995db18c432e4a2e7021c0635b5a8580ef14c1d0a2f36e21e9723648a
  f/fundermaps/data/refresh_statistics_product_inquiries: 0934f30fa3a7fc8fc63c1a8f5a512467807169e12593cac2a68d77efd2412e58
  f/fundermaps/data/refresh_statistics_product_inquiry_municipality: e2c040e7e2e506ed8ec0b02a91e7bf84d67e2bf1e4f48f522729a51bbfe47bd2
  f/fundermaps/data/refresh_supercluster_sample: 08fc98e800f28cb4f0ffe4fdfef443db8c5786d0d6bbad748bb12e646bda5ab2
  f/fundermaps/data/validate_model_drift: ec567867b06f46f5952e0f0072b8ac8e3a0f37ae58e70197a5deff560d1831cb
  f/fundermaps/dataops/ingest_pending: d924681d4ff6587225af6eb6b306fa7214493367b4c9452b2a63d02dd674f464
  f/fundermaps/export/export_product: 6c1b82b3212dde5a5cb967c772e08fc59b890c9890c2c24cd81408b8a34fafd8
  f/fundermaps/export/export_samples: 2511ec3bca0b1257b629c5d6051fe0fa7a140474ea5589a9a442a50a5c68e5a6
  f/fundermaps/load/load_inquiry_sample: f2e9df398dd47e271c0d3d646e454a0c1904b08293d39e62a2d997095991fc9a
  f/fundermaps/load/load_ownership: 527edaf5796393a7f335cfde541d06be57f42bf477a4966cdfa856e6413a97cb
  f/fundermaps/mapset/process_mapset.flow+__flow_hash: 05ed48b68080a2085f0679083c9576b45ca4744758711d652626ff4fe303f125
  f/fundermaps/mapset/process_mapset.flow+get_enabled_bundles.inline_script.pg.sql: 4758b7dbee5dcbe71bc42123ed2b41ca65213d7bfb3b849a408dc8fec6b058b7
  f/fundermaps/mapset/process_tileset: cccb085705320afd75f0520d98146600548e0b4de339cee0d2b84410dfd80387
